
Microsoft Visual Studio Solution File, Format Version 12.00
# Visual Studio 15
VisualStudioVersion = 15.0.27004.2002
MinimumVisualStudioVersion = 10.0.40219.1
Project("{FAE04EC0-301F-11D3-BF4B-00C04F79EFBC}") = "mpDimJustif_2013", "mpDimJustif_2013\mpDimJustif_2013.csproj", "{751552EB-02C1-4090-B4DD-09F8300C6BD3}"
EndProject
Project("{FAE04EC0-301F-11D3-BF4B-00C04F79EFBC}") = "mpDimJustif_2014", "mpDimJustif_2014\mpDimJustif_2014.csproj", "{BDF2B096-72FF-4955-A6F3-80609794EB97}"
EndProject
Project("{FAE04EC0-301F-11D3-BF4B-00C04F79EFBC}") = "mpDimJustif_2015", "mpDimJustif_2015\mpDimJustif_2015.csproj", "{C757D5C6-B90A-4E87-AFDB-90C3C8D8B2A5}"
EndProject
Project("{FAE04EC0-301F-11D3-BF4B-00C04F79EFBC}") = "mpDimJustif_2016", "mpDimJustif_2016\mpDimJustif_2016.csproj", "{8EBC5057-0A42-470F-BBD6-4EC6F2FA7392}"
EndProject
Project("{FAE04EC0-301F-11D3-BF4B-00C04F79EFBC}") = "mpDimJustif_2017", "mpDimJustif_2017\mpDimJustif_2017.csproj", "{08CF3B01-38B5-4F0D-9D7A-445EDB2D3456}"
EndProject
Project("{FAE04EC0-301F-11D3-BF4B-00C04F79EFBC}") = "mpDimJustif_2018", "mpDimJustif_2018\mpDimJustif_2018.csproj", "{6ABE11D2-51DB-4673-8C5A-0374E8E7DF0D}"
EndProject
Project("{FAE04EC0-301F-11D3-BF4B-00C04F79EFBC}") = "mpDimJustif_2019", "mpDimJustif_2019\mpDimJustif_2019.csproj", "{0E058214-3A95-46B2-AA11-CAF167AA6635}"
EndProject
Global
	GlobalSection(SolutionConfigurationPlatforms) = preSolution
		Debug|Any CPU = Debug|Any CPU
		Release|Any CPU = Release|Any CPU
	EndGlobalSection
	GlobalSection(ProjectConfigurationPlatforms) = postSolution
		{751552EB-02C1-4090-B4DD-09F8300C6BD3}.Debug|Any CPU.ActiveCfg = Debug|Any CPU
		{751552EB-02C1-4090-B4DD-09F8300C6BD3}.Debug|Any CPU.Build.0 = Debug|Any CPU
		{751552EB-02C1-4090-B4DD-09F8300C6BD3}.Release|Any CPU.ActiveCfg = Release|Any CPU
		{751552EB-02C1-4090-B4DD-09F8300C6BD3}.Release|Any CPU.Build.0 = Release|Any CPU
		{BDF2B096-72FF-4955-A6F3-80609794EB97}.Debug|Any CPU.ActiveCfg = Debug|Any CPU
		{BDF2B096-72FF-4955-A6F3-80609794EB97}.Debug|Any CPU.Build.0 = Debug|Any CPU
		{BDF2B096-72FF-4955-A6F3-80609794EB97}.Release|Any CPU.ActiveCfg = Release|Any CPU
		{BDF2B096-72FF-4955-A6F3-80609794EB97}.Release|Any CPU.Build.0 = Release|Any CPU
		{C757D5C6-B90A-4E87-AFDB-90C3C8D8B2A5}.Debug|Any CPU.ActiveCfg = Debug|Any CPU
		{C757D5C6-B90A-4E87-AFDB-90C3C8D8B2A5}.Debug|Any CPU.Build.0 = Debug|Any CPU
		{C757D5C6-B90A-4E87-AFDB-90C3C8D8B2A5}.Release|Any CPU.ActiveCfg = Release|Any CPU
		{C757D5C6-B90A-4E87-AFDB-90C3C8D8B2A5}.Release|Any CPU.Build.0 = Release|Any CPU
		{8EBC5057-0A42-470F-BBD6-4EC6F2FA7392}.Debug|Any CPU.ActiveCfg = Debug|Any CPU
		{8EBC5057-0A42-470F-BBD6-4EC6F2FA7392}.Debug|Any CPU.Build.0 = Debug|Any CPU
		{8EBC5057-0A42-470F-BBD6-4EC6F2FA7392}.Release|Any CPU.ActiveCfg = Release|Any CPU
		{8EBC5057-0A42-470F-BBD6-4EC6F2FA7392}.Release|Any CPU.Build.0 = Release|Any CPU
		{08CF3B01-38B5-4F0D-9D7A-445EDB2D3456}.Debug|Any CPU.ActiveCfg = Debug|Any CPU
		{08CF3B01-38B5-4F0D-9D7A-445EDB2D3456}.Debug|Any CPU.Build.0 = Debug|Any CPU
		{08CF3B01-38B5-4F0D-9D7A-445EDB2D3456}.Release|Any CPU.ActiveCfg = Release|Any CPU
		{08CF3B01-38B5-4F0D-9D7A-445EDB2D3456}.Release|Any CPU.Build.0 = Release|Any CPU
		{6ABE11D2-51DB-4673-8C5A-0374E8E7DF0D}.Debug|Any CPU.ActiveCfg = Debug|Any CPU
		{6ABE11D2-51DB-4673-8C5A-0374E8E7DF0D}.Debug|Any CPU.Build.0 = Debug|Any CPU
		{6ABE11D2-51DB-4673-8C5A-0374E8E7DF0D}.Release|Any CPU.ActiveCfg = Release|Any CPU
		{6ABE11D2-51DB-4673-8C5A-0374E8E7DF0D}.Release|Any CPU.Build.0 = Release|Any CPU
		{0E058214-3A95-46B2-AA11-CAF167AA6635}.Debug|Any CPU.ActiveCfg = Debug|Any CPU
		{0E058214-3A95-46B2-AA11-CAF167AA6635}.Debug|Any CPU.Build.0 = Debug|Any CPU
		{0E058214-3A95-46B2-AA11-CAF167AA6635}.Release|Any CPU.ActiveCfg = Release|Any CPU
		{0E058214-3A95-46B2-AA11-CAF167AA6635}.Release|Any CPU.Build.0 = Release|Any CPU
	EndGlobalSection
	GlobalSection(SolutionProperties) = preSolution
		HideSolutionNode = FALSE
	EndGlobalSection
	GlobalSection(ExtensibilityGlobals) = postSolution
		SolutionGuid = {99A149FB-8CC1-42F1-91B6-FABCC6A3F19E}
	EndGlobalSection
EndGlobal
